
Microsoft Visual Studio Solution File, Format Version 12.00
# Visual Studio Version 17
VisualStudioVersion = 17.4.33110.190
MinimumVisualStudioVersion = 10.0.40219.1
Project("{FAE04EC0-301F-11D3-BF4B-00C04F79EFBC}") = "GroupProject", "GroupProject.csproj", "{B6A1E6B1-F3C4-472A-90EC-D5A19384785C}"
EndProject
Global
	GlobalSection(SolutionConfigurationPlatforms) = preSolution
		Debug|Any CPU = Debug|Any CPU
		Release|Any CPU = Release|Any CPU
	EndGlobalSection
	GlobalSection(ProjectConfigurationPlatforms) = postSolution
		{B6A1E6B1-F3C4-472A-90EC-D5A19384785C}.Debug|Any CPU.ActiveCfg = Debug|Any CPU
		{B6A1E6B1-F3C4-472A-90EC-D5A19384785C}.Debug|Any CPU.Build.0 = Debug|Any CPU
		{B6A1E6B1-F3C4-472A-90EC-D5A19384785C}.Release|Any CPU.ActiveCfg = Release|Any CPU
		{B6A1E6B1-F3C4-472A-90EC-D5A19384785C}.Release|Any CPU.Build.0 = Release|Any CPU
	EndGlobalSection
	GlobalSection(SolutionProperties) = preSolution
		HideSolutionNode = FALSE
	EndGlobalSection
	GlobalSection(ExtensibilityGlobals) = postSolution
		SolutionGuid = {B2FA0E61-D282-469F-8975-A6CB46144471}
	EndGlobalSection
EndGlobal
